
Microsoft Visual Studio Solution File, Format Version 12.00
# Visual Studio Version 16
VisualStudioVersion = 16.0.30309.148
MinimumVisualStudioVersion = 10.0.40219.1
Project("{FAE04EC0-301F-11D3-BF4B-00C04F79EFBC}") = "Simple Calculator", "Simple Calculator.csproj", "{60B44D13-7AEE-4D90-9AA7-261CE33D382E}"
EndProject
Global
	GlobalSection(SolutionConfigurationPlatforms) = preSolution
		Debug|Any CPU = Debug|Any CPU
		Release|Any CPU = Release|Any CPU
	EndGlobalSection
	GlobalSection(ProjectConfigurationPlatforms) = postSolution
		{60B44D13-7AEE-4D90-9AA7-261CE33D382E}.Debug|Any CPU.ActiveCfg = Debug|Any CPU
		{60B44D13-7AEE-4D90-9AA7-261CE33D382E}.Debug|Any CPU.Build.0 = Debug|Any CPU
		{60B44D13-7AEE-4D90-9AA7-261CE33D382E}.Release|Any CPU.ActiveCfg = Release|Any CPU
		{60B44D13-7AEE-4D90-9AA7-261CE33D382E}.Release|Any CPU.Build.0 = Release|Any CPU
	EndGlobalSection
	GlobalSection(SolutionProperties) = preSolution
		HideSolutionNode = FALSE
	EndGlobalSection
	GlobalSection(ExtensibilityGlobals) = postSolution
		SolutionGuid = {08AAF6A5-6BDA-4ED2-AD15-4C64389C9E5C}
	EndGlobalSection
EndGlobal
